
Microsoft Visual Studio Solution File, Format Version 12.00
# Visual Studio Version 17
VisualStudioVersion = 17.1.32228.430
MinimumVisualStudioVersion = 10.0.40219.1
Project("{9A19103F-16F7-4668-BE54-9A1E7A4F7556}") = "Automaton", "Automaton\Automaton.csproj", "{5CACF6E5-EF7B-4C10-9B0F-3E7343FA85CC}"
EndProject
Project("{9A19103F-16F7-4668-BE54-9A1E7A4F7556}") = "Automaton.Application", "Automaton.Application\Automaton.Application.csproj", "{B8E7F9D9-2431-4BF8-9BBD-33EBEF44EECE}"
EndProject
Project("{9A19103F-16F7-4668-BE54-9A1E7A4F7556}") = "Automaton.Domain", "Automaton.Domain\Automaton.Domain.csproj", "{0BEB573D-7615-4968-916F-796486028236}"
EndProject
Project("{9A19103F-16F7-4668-BE54-9A1E7A4F7556}") = "Automaton.DataAccesLayer", "Automaton.DataAccesLayer\Automaton.DataAccesLayer.csproj", "{C24EE9A3-F72E-4DBE-B7E1-CCC8560C9FDB}"
EndProject
Project("{FAE04EC0-301F-11D3-BF4B-00C04F79EFBC}") = "Automaton.Application.Tests", "Automaton.Application.Tests\Automaton.Application.Tests.csproj", "{FE0E7A17-06A5-4191-B4BD-4299D01F0264}"
EndProject
Global
	GlobalSection(SolutionConfigurationPlatforms) = preSolution
		Debug|Any CPU = Debug|Any CPU
		Release|Any CPU = Release|Any CPU
	EndGlobalSection
	GlobalSection(ProjectConfigurationPlatforms) = postSolution
		{5CACF6E5-EF7B-4C10-9B0F-3E7343FA85CC}.Debug|Any CPU.ActiveCfg = Debug|Any CPU
		{5CACF6E5-EF7B-4C10-9B0F-3E7343FA85CC}.Debug|Any CPU.Build.0 = Debug|Any CPU
		{5CACF6E5-EF7B-4C10-9B0F-3E7343FA85CC}.Release|Any CPU.ActiveCfg = Release|Any CPU
		{5CACF6E5-EF7B-4C10-9B0F-3E7343FA85CC}.Release|Any CPU.Build.0 = Release|Any CPU
		{B8E7F9D9-2431-4BF8-9BBD-33EBEF44EECE}.Debug|Any CPU.ActiveCfg = Debug|Any CPU
		{B8E7F9D9-2431-4BF8-9BBD-33EBEF44EECE}.Debug|Any CPU.Build.0 = Debug|Any CPU
		{B8E7F9D9-2431-4BF8-9BBD-33EBEF44EECE}.Release|Any CPU.ActiveCfg = Release|Any CPU
		{B8E7F9D9-2431-4BF8-9BBD-33EBEF44EECE}.Release|Any CPU.Build.0 = Release|Any CPU
		{0BEB573D-7615-4968-916F-796486028236}.Debug|Any CPU.ActiveCfg = Debug|Any CPU
		{0BEB573D-7615-4968-916F-796486028236}.Debug|Any CPU.Build.0 = Debug|Any CPU
		{0BEB573D-7615-4968-916F-796486028236}.Release|Any CPU.ActiveCfg = Release|Any CPU
		{0BEB573D-7615-4968-916F-796486028236}.Release|Any CPU.Build.0 = Release|Any CPU
		{C24EE9A3-F72E-4DBE-B7E1-CCC8560C9FDB}.Debug|Any CPU.ActiveCfg = Debug|Any CPU
		{C24EE9A3-F72E-4DBE-B7E1-CCC8560C9FDB}.Debug|Any CPU.Build.0 = Debug|Any CPU
		{C24EE9A3-F72E-4DBE-B7E1-CCC8560C9FDB}.Release|Any CPU.ActiveCfg = Release|Any CPU
		{C24EE9A3-F72E-4DBE-B7E1-CCC8560C9FDB}.Release|Any CPU.Build.0 = Release|Any CPU
		{FE0E7A17-06A5-4191-B4BD-4299D01F0264}.Debug|Any CPU.ActiveCfg = Debug|Any CPU
		{FE0E7A17-06A5-4191-B4BD-4299D01F0264}.Debug|Any CPU.Build.0 = Debug|Any CPU
		{FE0E7A17-06A5-4191-B4BD-4299D01F0264}.Release|Any CPU.ActiveCfg = Release|Any CPU
		{FE0E7A17-06A5-4191-B4BD-4299D01F0264}.Release|Any CPU.Build.0 = Release|Any CPU
	EndGlobalSection
	GlobalSection(SolutionProperties) = preSolution
		HideSolutionNode = FALSE
	EndGlobalSection
	GlobalSection(ExtensibilityGlobals) = postSolution
		SolutionGuid = {8AE6075D-6232-4E44-9262-274F677FEAEF}
	EndGlobalSection
EndGlobal
